NeoBundleLock vim-flake8 018d7ed37ae8db21ec47d107163c0b40cfe25cd9
NeoBundleLock vim-markdown b1a4dd32046a1f45d526d4abae7dea99aa3fd398
NeoBundleLock vim-bracketed-paste 6a84dd326d465ab833b024e10a599ef7e194720e
NeoBundleLock rails.vim ea93181712a56e432b923e3f6fba2c37e86397a7
NeoBundleLock tabular 60f25648814f0695eeb6c1040d97adca93c4e0bb
NeoBundleLock vim-multiple-cursors 35028be1f71953da9f2c28509bf6c5ebd1d31c28
NeoBundleLock python.vim 0877af4dffe6d86439f8069b510129527ce38b27
NeoBundleLock vim-submode 8186099d2acc3a9a4cf09878c57308a30008c536
NeoBundleLock vim-template 24687c1a59cb2828be4aec21ec75103d22a1c71e
NeoBundleLock vimproc eb2bc419dcac5ebf2db99794195e558f4ce204f8
NeoBundleLock nerdtree f8fd2ecce20f5005e6313ce57d6d2a209890c946
NeoBundleLock vim-quickrun ae97cef42ae142306e9431dce9ab97c4353e5254
NeoBundleLock vim-auto-save c3d06afb578a17c5512e634e7c33bb6a7bfc9a7c
NeoBundleLock previm 58acaeb023ba8942be19161b52cee54ba3aca60c
NeoBundleLock neobundle.vim 982d2cac0c0d26582653e6ee0e8cd891ecac5772
